
Microsoft Visual Studio Solution File, Format Version 12.00
# Visual Studio Version 16
VisualStudioVersion = 16.0.29709.97
MinimumVisualStudioVersion = 10.0.40219.1
Project("{FAE04EC0-301F-11D3-BF4B-00C04F79EFBC}") = "Tarea1", "Tarea1\Tarea1.csproj", "{4250DC10-8503-4D9B-B250-532456F33E71}"
EndProject
Global
	GlobalSection(SolutionConfigurationPlatforms) = preSolution
		Debug|Any CPU = Debug|Any CPU
		Release|Any CPU = Release|Any CPU
	EndGlobalSection
	GlobalSection(ProjectConfigurationPlatforms) = postSolution
		{4250DC10-8503-4D9B-B250-532456F33E71}.Debug|Any CPU.ActiveCfg = Debug|Any CPU
		{4250DC10-8503-4D9B-B250-532456F33E71}.Debug|Any CPU.Build.0 = Debug|Any CPU
		{4250DC10-8503-4D9B-B250-532456F33E71}.Release|Any CPU.ActiveCfg = Release|Any CPU
		{4250DC10-8503-4D9B-B250-532456F33E71}.Release|Any CPU.Build.0 = Release|Any CPU
	EndGlobalSection
	GlobalSection(SolutionProperties) = preSolution
		HideSolutionNode = FALSE
	EndGlobalSection
	GlobalSection(ExtensibilityGlobals) = postSolution
		SolutionGuid = {CABFF62A-7163-451A-8E5A-87224FED7C5C}
	EndGlobalSection
EndGlobal
